
Microsoft Visual Studio Solution File, Format Version 12.00
# Visual Studio Version 17
VisualStudioVersion = 17.7.34221.43
MinimumVisualStudioVersion = 10.0.40219.1
Project("{2150E333-8FDC-42A3-9474-1A3956D46DE8}") = "Binary", "Binary", "{891D72A2-F1B3-4152-B2C6-F8A92BA2465E}"
EndProject
Project("{9A19103F-16F7-4668-BE54-9A1E7A4F7556}") = "BinarySerializer", "..\submodules\BinarySerializer\src\BinarySerializer.csproj", "{2B06FE83-12F9-4732-B6AC-BAA5237DFA0B}"
EndProject
Project("{9A19103F-16F7-4668-BE54-9A1E7A4F7556}") = "BinarySerializer.Ray1", "..\submodules\BinarySerializer.Ray1\src\BinarySerializer.Ray1\BinarySerializer.Ray1.csproj", "{B90D2129-6808-4279-A6AE-576CBA62746A}"
EndProject
Project("{FAE04EC0-301F-11D3-BF4B-00C04F79EFBC}") = "Ray1DataExtractor", "Ray1DataExtractor\Ray1DataExtractor.csproj", "{939BC74A-6DD4-41B3-8687-59C9F26E3734}"
EndProject
Project("{FAE04EC0-301F-11D3-BF4B-00C04F79EFBC}") = "BinarySerializer.PlayStation", "..\submodules\BinarySerializer.PlayStation\src\BinarySerializer.PlayStation.csproj", "{C0DF3A5D-1237-5EDA-F7EF-972F93F64109}"
EndProject
Project("{FAE04EC0-301F-11D3-BF4B-00C04F79EFBC}") = "BinarySerializer.Audio", "..\submodules\BinarySerializer.Audio\src\BinarySerializer.Audio.csproj", "{8B1FB96B-0E6D-BEE9-2D98-E65C4CA1707D}"
EndProject
Global
	GlobalSection(SolutionConfigurationPlatforms) = preSolution
		Debug|Any CPU = Debug|Any CPU
		Release|Any CPU = Release|Any CPU
	EndGlobalSection
	GlobalSection(ProjectConfigurationPlatforms) = postSolution
		{2B06FE83-12F9-4732-B6AC-BAA5237DFA0B}.Debug|Any CPU.ActiveCfg = Debug|Any CPU
		{2B06FE83-12F9-4732-B6AC-BAA5237DFA0B}.Debug|Any CPU.Build.0 = Debug|Any CPU
		{2B06FE83-12F9-4732-B6AC-BAA5237DFA0B}.Release|Any CPU.ActiveCfg = Release|Any CPU
		{2B06FE83-12F9-4732-B6AC-BAA5237DFA0B}.Release|Any CPU.Build.0 = Release|Any CPU
		{B90D2129-6808-4279-A6AE-576CBA62746A}.Debug|Any CPU.ActiveCfg = Debug|Any CPU
		{B90D2129-6808-4279-A6AE-576CBA62746A}.Debug|Any CPU.Build.0 = Debug|Any CPU
		{B90D2129-6808-4279-A6AE-576CBA62746A}.Release|Any CPU.ActiveCfg = Release|Any CPU
		{B90D2129-6808-4279-A6AE-576CBA62746A}.Release|Any CPU.Build.0 = Release|Any CPU
		{939BC74A-6DD4-41B3-8687-59C9F26E3734}.Debug|Any CPU.ActiveCfg = Debug|Any CPU
		{939BC74A-6DD4-41B3-8687-59C9F26E3734}.Debug|Any CPU.Build.0 = Debug|Any CPU
		{939BC74A-6DD4-41B3-8687-59C9F26E3734}.Release|Any CPU.ActiveCfg = Release|Any CPU
		{939BC74A-6DD4-41B3-8687-59C9F26E3734}.Release|Any CPU.Build.0 = Release|Any CPU
		{C0DF3A5D-1237-5EDA-F7EF-972F93F64109}.Debug|Any CPU.ActiveCfg = Debug|Any CPU
		{C0DF3A5D-1237-5EDA-F7EF-972F93F64109}.Debug|Any CPU.Build.0 = Debug|Any CPU
		{C0DF3A5D-1237-5EDA-F7EF-972F93F64109}.Release|Any CPU.ActiveCfg = Release|Any CPU
		{C0DF3A5D-1237-5EDA-F7EF-972F93F64109}.Release|Any CPU.Build.0 = Release|Any CPU
		{8B1FB96B-0E6D-BEE9-2D98-E65C4CA1707D}.Debug|Any CPU.ActiveCfg = Debug|Any CPU
		{8B1FB96B-0E6D-BEE9-2D98-E65C4CA1707D}.Debug|Any CPU.Build.0 = Debug|Any CPU
		{8B1FB96B-0E6D-BEE9-2D98-E65C4CA1707D}.Release|Any CPU.ActiveCfg = Release|Any CPU
		{8B1FB96B-0E6D-BEE9-2D98-E65C4CA1707D}.Release|Any CPU.Build.0 = Release|Any CPU
	EndGlobalSection
	GlobalSection(SolutionProperties) = preSolution
		HideSolutionNode = FALSE
	EndGlobalSection
	GlobalSection(NestedProjects) = preSolution
		{2B06FE83-12F9-4732-B6AC-BAA5237DFA0B} = {891D72A2-F1B3-4152-B2C6-F8A92BA2465E}
		{B90D2129-6808-4279-A6AE-576CBA62746A} = {891D72A2-F1B3-4152-B2C6-F8A92BA2465E}
		{C0DF3A5D-1237-5EDA-F7EF-972F93F64109} = {891D72A2-F1B3-4152-B2C6-F8A92BA2465E}
		{8B1FB96B-0E6D-BEE9-2D98-E65C4CA1707D} = {891D72A2-F1B3-4152-B2C6-F8A92BA2465E}
	EndGlobalSection
	GlobalSection(ExtensibilityGlobals) = postSolution
		SolutionGuid = {9A477976-2F76-4903-8CDB-B02775C59701}
	EndGlobalSection
EndGlobal
